
Microsoft Visual Studio Solution File, Format Version 12.00
# Visual Studio Version 17
VisualStudioVersion = 17.7.34031.279
MinimumVisualStudioVersion = 10.0.40219.1
Project("{9A19103F-16F7-4668-BE54-9A1E7A4F7556}") = "Gestao.Colaboradores", "Gestao.Colaboradores.csproj", "{29847318-8C1F-4AD8-B346-96C11DC2B606}"
EndProject
Global
	GlobalSection(SolutionConfigurationPlatforms) = preSolution
		Debug|Any CPU = Debug|Any CPU
		Release|Any CPU = Release|Any CPU
	EndGlobalSection
	GlobalSection(ProjectConfigurationPlatforms) = postSolution
		{29847318-8C1F-4AD8-B346-96C11DC2B606}.Debug|Any CPU.ActiveCfg = Debug|Any CPU
		{29847318-8C1F-4AD8-B346-96C11DC2B606}.Debug|Any CPU.Build.0 = Debug|Any CPU
		{29847318-8C1F-4AD8-B346-96C11DC2B606}.Release|Any CPU.ActiveCfg = Release|Any CPU
		{29847318-8C1F-4AD8-B346-96C11DC2B606}.Release|Any CPU.Build.0 = Release|Any CPU
		{FEF8603B-CE9B-4246-A50A-3B9C1CFF4B24}.Debug|Any CPU.ActiveCfg = Debug|Any CPU
		{FEF8603B-CE9B-4246-A50A-3B9C1CFF4B24}.Debug|Any CPU.Build.0 = Debug|Any CPU
		{FEF8603B-CE9B-4246-A50A-3B9C1CFF4B24}.Release|Any CPU.ActiveCfg = Release|Any CPU
		{FEF8603B-CE9B-4246-A50A-3B9C1CFF4B24}.Release|Any CPU.Build.0 = Release|Any CPU
	EndGlobalSection
	GlobalSection(SolutionProperties) = preSolution
		HideSolutionNode = FALSE
	EndGlobalSection
	GlobalSection(ExtensibilityGlobals) = postSolution
		SolutionGuid = {697EE39B-5371-4C26-BDD7-3E85DBFD0ECD}
	EndGlobalSection
EndGlobal
